// !$*UTF8*$!
{
	archiveVersion = 1;
	classes = {
	};
	objectVersion = 46;
	objects = {

/* Begin PBXBuildFile section */
		CA6A74071850F8AD0054956E /* Foundation.framework in Frameworks */ = {isa = PBXBuildFile; fileRef = CA6A74061850F8AD0054956E /* Foundation.framework */; };
		CA6A74091850F8AD0054956E /* CoreGraphics.framework in Frameworks */ = {isa = PBXBuildFile; fileRef = CA6A74081850F8AD0054956E /* CoreGraphics.framework */; };
		CA6A740B1850F8AD0054956E /* UIKit.framework in Frameworks */ = {isa = PBXBuildFile; fileRef = CA6A740A1850F8AD0054956E /* UIKit.framework */; };
		CA6A74111850F8AD0054956E /* InfoPlist.strings in Resources */ = {isa = PBXBuildFile; fileRef = CA6A740F1850F8AD0054956E /* InfoPlist.strings */; };
		CA6A74131850F8AD0054956E /* main.m in Sources */ = {isa = PBXBuildFile; fileRef = CA6A74121850F8AD0054956E /* main.m */; };
		CA6A74171850F8AD0054956E /* AppDelegate.m in Sources */ = {isa = PBXBuildFile; fileRef = CA6A74161850F8AD0054956E /* AppDelegate.m */; };
		CA6A741A1850F8AD0054956E /* Main.storyboard in Resources */ = {isa = PBXBuildFile; fileRef = CA6A74181850F8AD0054956E /* Main.storyboard */; };
		CA6A741D1850F8AD0054956E /* MasterViewController.m in Sources */ = {isa = PBXBuildFile; fileRef = CA6A741C1850F8AD0054956E /* MasterViewController.m */; };
		CA6A74201850F8AD0054956E /* DetailViewController.m in Sources */ = {isa = PBXBuildFile; fileRef = CA6A741F1850F8AD0054956E /* DetailViewController.m */; };
		CA6A74221850F8AD0054956E /* Images.xcassets in Resources */ = {isa = PBXBuildFile; fileRef = CA6A74211850F8AD0054956E /* Images.xcassets */; };
		CA6A74291850F8AD0054956E /* XCTest.framework in Frameworks */ = {isa = PBXBuildFile; fileRef = CA6A74281850F8AD0054956E /* XCTest.framework */; };
		CA6A742A1850F8AD0054956E /* Foundation.framework in Frameworks */ = {isa = PBXBuildFile; fileRef = CA6A74061850F8AD0054956E /* Foundation.framework */; };
		CA6A742B1850F8AD0054956E /* UIKit.framework in Frameworks */ = {isa = PBXBuildFile; fileRef = CA6A740A1850F8AD0054956E /* UIKit.framework */; };
		CA6A74331850F8AD0054956E /* InfoPlist.strings in Resources */ = {isa = PBXBuildFile; fileRef = CA6A74311850F8AD0054956E /* InfoPlist.strings */; };
		CA6A74351850F8AD0054956E /* AppTests.m in Sources */ = {isa = PBXBuildFile; fileRef = CA6A74341850F8AD0054956E /* AppTests.m */; };
/* End PBXBuildFile section */

/* Begin PBXContainerItemProxy section */
		CA6A742C1850F8AD0054956E /* PBXContainerItemProxy */ = {
			isa = PBXContainerItemProxy;
			containerPortal = CA6A73FB1850F8AD0054956E /* Project object */;
			proxyType = 1;
			remoteGlobalIDString = CA6A74021850F8AD0054956E;
			remoteInfo = App;
		};
/* End PBXContainerItemProxy section */

/* Begin PBXFileReference section */
		CA6A74031850F8AD0054956E /* App.app */ = {isa = PBXFileReference; explicitFileType = wrapper.application; includeInIndex = 0; path = App.app; sourceTree = BUILT_PRODUCTS_DIR; };
		CA6A74061850F8AD0054956E /* Foundation.framework */ = {isa = PBXFileReference; lastKnownFileType = wrapper.framework; name = Foundation.framework; path = System/Library/Frameworks/Foundation.framework; sourceTree = SDKROOT; };
		CA6A74081850F8AD0054956E /* CoreGraphics.framework */ = {isa = PBXFileReference; lastKnownFileType = wrapper.framework; name = CoreGraphics.framework; path = System/Library/Frameworks/CoreGraphics.framework; sourceTree = SDKROOT; };
		CA6A740A1850F8AD0054956E /* UIKit.framework */ = {isa = PBXFileReference; lastKnownFileType = wrapper.framework; name = UIKit.framework; path = System/Library/Frameworks/UIKit.framework; sourceTree = SDKROOT; };
		CA6A740E1850F8AD0054956E /* App-Info.plist */ = {isa = PBXFileReference; lastKnownFileType = text.plist.xml; path = "App-Info.plist"; sourceTree = "<group>"; };
		CA6A74101850F8AD0054956E /* en */ = {isa = PBXFileReference; lastKnownFileType = text.plist.strings; name = en; path = en.lproj/InfoPlist.strings; sourceTree = "<group>"; };
		CA6A74121850F8AD0054956E /* main.m */ = {isa = PBXFileReference; lastKnownFileType = sourcecode.c.objc; path = main.m; sourceTree = "<group>"; };
		CA6A74141850F8AD0054956E /* App-Prefix.pch */ = {isa = PBXFileReference; lastKnownFileType = sourcecode.c.h; path = "App-Prefix.pch"; sourceTree = "<group>"; };
		CA6A74151850F8AD0054956E /* AppDelegate.h */ = {isa = PBXFileReference; lastKnownFileType = sourcecode.c.h; path = AppDelegate.h; sourceTree = "<group>"; };
		CA6A74161850F8AD0054956E /* AppDelegate.m */ = {isa = PBXFileReference; lastKnownFileType = sourcecode.c.objc; path = AppDelegate.m; sourceTree = "<group>"; };
		CA6A74191850F8AD0054956E /* Base */ = {isa = PBXFileReference; lastKnownFileType = file.storyboard; name = Base; path = Base.lproj/Main.storyboard; sourceTree = "<group>"; };
		CA6A741B1850F8AD0054956E /* MasterViewController.h */ = {isa = PBXFileReference; lastKnownFileType = sourcecode.c.h; path = MasterViewController.h; sourceTree = "<group>"; };
		CA6A741C1850F8AD0054956E /* MasterViewController.m */ = {isa = PBXFileReference; lastKnownFileType = sourcecode.c.objc; path = MasterViewController.m; sourceTree = "<group>"; };
		CA6A741E1850F8AD0054956E /* DetailViewController.h */ = {isa = PBXFileReference; lastKnownFileType = sourcecode.c.h; path = DetailViewController.h; sourceTree = "<group>"; };
		CA6A741F1850F8AD0054956E /* DetailViewController.m */ = {isa = PBXFileReference; lastKnownFileType = sourcecode.c.objc; path = DetailViewController.m; sourceTree = "<group>"; };
		CA6A74211850F8AD0054956E /* Images.xcassets */ = {isa = PBXFileReference; lastKnownFileType = folder.assetcatalog; path = Images.xcassets; sourceTree = "<group>"; };
		CA6A74271850F8AD0054956E /* AppTests.xctest */ = {isa = PBXFileReference; explicitFileType = wrapper.cfbundle; includeInIndex = 0; path = AppTests.xctest; sourceTree = BUILT_PRODUCTS_DIR; };
		CA6A74281850F8AD0054956E /* XCTest.framework */ = {isa = PBXFileReference; lastKnownFileType = wrapper.framework; name = XCTest.framework; path = Library/Frameworks/XCTest.framework; sourceTree = DEVELOPER_DIR; };
		CA6A74301850F8AD0054956E /* AppTests-Info.plist */ = {isa = PBXFileReference; lastKnownFileType = text.plist.xml; path = "AppTests-Info.plist"; sourceTree = "<group>"; };
		CA6A74321850F8AD0054956E /* en */ = {isa = PBXFileReference; lastKnownFileType = text.plist.strings; name = en; path = en.lproj/InfoPlist.strings; sourceTree = "<group>"; };
		CA6A74341850F8AD0054956E /* AppTests.m */ = {isa = PBXFileReference; lastKnownFileType = sourcecode.c.objc; path = AppTests.m; sourceTree = "<group>"; };
/* End PBXFileReference section */

/* Begin PBXFrameworksBuildPhase section */
		CA6A74001850F8AD0054956E /* Frameworks */ = {
			isa = PBXFrameworksBuildPhase;
			buildActionMask = 2147483647;
			files = (
				CA6A74091850F8AD0054956E /* CoreGraphics.framework in Frameworks */,
				CA6A740B1850F8AD0054956E /* UIKit.framework in Frameworks */,
				CA6A74071850F8AD0054956E /* Foundation.framework in Frameworks */,
			);
			runOnlyForDeploymentPostprocessing = 0;
		};
		CA6A74241850F8AD0054956E /* Frameworks */ = {
			isa = PBXFrameworksBuildPhase;
			buildActionMask = 2147483647;
			files = (
				CA6A74291850F8AD0054956E /* XCTest.framework in Frameworks */,
				CA6A742B1850F8AD0054956E /* UIKit.framework in Frameworks */,
				CA6A742A1850F8AD0054956E /* Foundation.framework in Frameworks */,
			);
			runOnlyForDeploymentPostprocessing = 0;
		};
/* End PBXFrameworksBuildPhase section */

/* Begin PBXGroup section */
		CA6A73FA1850F8AD0054956E = {
			isa = PBXGroup;
			children = (
				CA6A740C1850F8AD0054956E /* App */,
				CA6A742E1850F8AD0054956E /* AppTests */,
				CA6A74051850F8AD0054956E /* Frameworks */,
				CA6A74041850F8AD0054956E /* Products */,
			);
			sourceTree = "<group>";
		};
		CA6A74041850F8AD0054956E /* Products */ = {
			isa = PBXGroup;
			children = (
				CA6A74031850F8AD0054956E /* App.app */,
				CA6A74271850F8AD0054956E /* AppTests.xctest */,
			);
			name = Products;
			sourceTree = "<group>";
		};
		CA6A74051850F8AD0054956E /* Frameworks */ = {
			isa = PBXGroup;
			children = (
				CA6A74061850F8AD0054956E /* Foundation.framework */,
				CA6A74081850F8AD0054956E /* CoreGraphics.framework */,
				CA6A740A1850F8AD0054956E /* UIKit.framework */,
				CA6A74281850F8AD0054956E /* XCTest.framework */,
			);
			name = Frameworks;
			sourceTree = "<group>";
		};
		CA6A740C1850F8AD0054956E /* App */ = {
			isa = PBXGroup;
			children = (
				CA6A74151850F8AD0054956E /* AppDelegate.h */,
				CA6A74161850F8AD0054956E /* AppDelegate.m */,
				CA6A74181850F8AD0054956E /* Main.storyboard */,
				CA6A741B1850F8AD0054956E /* MasterViewController.h */,
				CA6A741C1850F8AD0054956E /* MasterViewController.m */,
				CA6A741E1850F8AD0054956E /* DetailViewController.h */,
				CA6A741F1850F8AD0054956E /* DetailViewController.m */,
				CA6A74211850F8AD0054956E /* Images.xcassets */,
				CA6A740D1850F8AD0054956E /* Supporting Files */,
			);
			path = App;
			sourceTree = "<group>";
		};
		CA6A740D1850F8AD0054956E /* Supporting Files */ = {
			isa = PBXGroup;
			children = (
				CA6A740E1850F8AD0054956E /* App-Info.plist */,
				CA6A740F1850F8AD0054956E /* InfoPlist.strings */,
				CA6A74121850F8AD0054956E /* main.m */,
				CA6A74141850F8AD0054956E /* App-Prefix.pch */,
			);
			name = "Supporting Files";
			sourceTree = "<group>";
		};
		CA6A742E1850F8AD0054956E /* AppTests */ = {
			isa = PBXGroup;
			children = (
				CA6A74341850F8AD0054956E /* AppTests.m */,
				CA6A742F1850F8AD0054956E /* Supporting Files */,
			);
			path = AppTests;
			sourceTree = "<group>";
		};
		CA6A742F1850F8AD0054956E /* Supporting Files */ = {
			isa = PBXGroup;
			children = (
				CA6A74301850F8AD0054956E /* AppTests-Info.plist */,
				CA6A74311850F8AD0054956E /* InfoPlist.strings */,
			);
			name = "Supporting Files";
			sourceTree = "<group>";
		};
/* End PBXGroup section */

/* Begin PBXNativeTarget section */
		CA6A74021850F8AD0054956E /* App */ = {
			isa = PBXNativeTarget;
			buildConfigurationList = CA6A74381850F8AD0054956E /* Build configuration list for PBXNativeTarget "App" */;
			buildPhases = (
				CA6A73FF1850F8AD0054956E /* Sources */,
				CA6A74001850F8AD0054956E /* Frameworks */,
				CA6A74011850F8AD0054956E /* Resources */,
			);
			buildRules = (
			);
			dependencies = (
			);
			name = App;
			productName = App;
			productReference = CA6A74031850F8AD0054956E /* App.app */;
			productType = "com.apple.product-type.application";
		};
		CA6A74261850F8AD0054956E /* AppTests */ = {
			isa = PBXNativeTarget;
			buildConfigurationList = CA6A743B1850F8AD0054956E /* Build configuration list for PBXNativeTarget "AppTests" */;
			buildPhases = (
				CA6A74231850F8AD0054956E /* Sources */,
				CA6A74241850F8AD0054956E /* Frameworks */,
				CA6A74251850F8AD0054956E /* Resources */,
			);
			buildRules = (
			);
			dependencies = (
				CA6A742D1850F8AD0054956E /* PBXTargetDependency */,
			);
			name = AppTests;
			productName = AppTests;
			productReference = CA6A74271850F8AD0054956E /* AppTests.xctest */;
			productType = "com.apple.product-type.bundle.unit-test";
		};
/* End PBXNativeTarget section */

/* Begin PBXProject section */
		CA6A73FB1850F8AD0054956E /* Project object */ = {
			isa = PBXProject;
			attributes = {
				LastUpgradeCheck = 0500;
				ORGANIZATIONNAME = "Florian Bögge";
				TargetAttributes = {
					CA6A74261850F8AD0054956E = {
						TestTargetID = CA6A74021850F8AD0054956E;
					};
				};
			};
			buildConfigurationList = CA6A73FE1850F8AD0054956E /* Build configuration list for PBXProject "App" */;
			compatibilityVersion = "Xcode 3.2";
			developmentRegion = English;
			hasScannedForEncodings = 0;
			knownRegions = (
				en,
				Base,
			);
			mainGroup = CA6A73FA1850F8AD0054956E;
			productRefGroup = CA6A74041850F8AD0054956E /* Products */;
			projectDirPath = "";
			projectRoot = "";
			targets = (
				CA6A74021850F8AD0054956E /* App */,
				CA6A74261850F8AD0054956E /* AppTests */,
			);
		};
/* End PBXProject section */

/* Begin PBXResourcesBuildPhase section */
		CA6A74011850F8AD0054956E /* Resources */ = {
			isa = PBXResourcesBuildPhase;
			buildActionMask = 2147483647;
			files = (
				CA6A74221850F8AD0054956E /* Images.xcassets in Resources */,
				CA6A74111850F8AD0054956E /* InfoPlist.strings in Resources */,
				CA6A741A1850F8AD0054956E /* Main.storyboard in Resources */,
			);
			runOnlyForDeploymentPostprocessing = 0;
		};
		CA6A74251850F8AD0054956E /* Resources */ = {
			isa = PBXResourcesBuildPhase;
			buildActionMask = 2147483647;
			files = (
				CA6A74331850F8AD0054956E /* InfoPlist.strings in Resources */,
			);
			runOnlyForDeploymentPostprocessing = 0;
		};
/* End PBXResourcesBuildPhase section */

/* Begin PBXSourcesBuildPhase section */
		CA6A73FF1850F8AD0054956E /* Sources */ = {
			isa = PBXSourcesBuildPhase;
			buildActionMask = 2147483647;
			files = (
				CA6A74171850F8AD0054956E /* AppDelegate.m in Sources */,
				CA6A741D1850F8AD0054956E /* MasterViewController.m in Sources */,
				CA6A74131850F8AD0054956E /* main.m in Sources */,
				CA6A74201850F8AD0054956E /* DetailViewController.m in Sources */,
			);
			runOnlyForDeploymentPostprocessing = 0;
		};
		CA6A74231850F8AD0054956E /* Sources */ = {
			isa = PBXSourcesBuildPhase;
			buildActionMask = 2147483647;
			files = (
				CA6A74351850F8AD0054956E /* AppTests.m in Sources */,
			);
			runOnlyForDeploymentPostprocessing = 0;
		};
/* End PBXSourcesBuildPhase section */

/* Begin PBXTargetDependency section */
		CA6A742D1850F8AD0054956E /* PBXTargetDependency */ = {
			isa = PBXTargetDependency;
			target = CA6A74021850F8AD0054956E /* App */;
			targetProxy = CA6A742C1850F8AD0054956E /* PBXContainerItemProxy */;
		};
/* End PBXTargetDependency section */

/* Begin PBXVariantGroup section */
		CA6A740F1850F8AD0054956E /* InfoPlist.strings */ = {
			isa = PBXVariantGroup;
			children = (
				CA6A74101850F8AD0054956E /* en */,
			);
			name = InfoPlist.strings;
			sourceTree = "<group>";
		};
		CA6A74181850F8AD0054956E /* Main.storyboard */ = {
			isa = PBXVariantGroup;
			children = (
				CA6A74191850F8AD0054956E /* Base */,
			);
			name = Main.storyboard;
			sourceTree = "<group>";
		};
		CA6A74311850F8AD0054956E /* InfoPlist.strings */ = {
			isa = PBXVariantGroup;
			children = (
				CA6A74321850F8AD0054956E /* en */,
			);
			name = InfoPlist.strings;
			sourceTree = "<group>";
		};
/* End PBXVariantGroup section */

/* Begin XCBuildConfiguration section */
		CA6A74361850F8AD0054956E /* Debug */ = {
			isa = XCBuildConfiguration;
			buildSettings = {
				ALWAYS_SEARCH_USER_PATHS = NO;
				ARCHS = "$(ARCHS_STANDARD_INCLUDING_64_BIT)";
				CLANG_CXX_LANGUAGE_STANDARD = "gnu++0x";
				CLANG_CXX_LIBRARY = "libc++";
				CLANG_ENABLE_MODULES = YES;
				CLANG_ENABLE_OBJC_ARC = YES;
				CLANG_WARN_BOOL_CONVERSION = YES;
				CLANG_WARN_CONSTANT_CONVERSION = YES;
				CLANG_WARN_DIRECT_OBJC_ISA_USAGE = YES_ERROR;
				CLANG_WARN_EMPTY_BODY = YES;
				CLANG_WARN_ENUM_CONVERSION = YES;
				CLANG_WARN_INT_CONVERSION = YES;
				CLANG_WARN_OBJC_ROOT_CLASS = YES_ERROR;
				CLANG_WARN__DUPLICATE_METHOD_MATCH = YES;
				"CODE_SIGN_IDENTITY[sdk=iphoneos*]" = "iPhone Developer";
				COPY_PHASE_STRIP = NO;
				GCC_C_LANGUAGE_STANDARD = gnu99;
				GCC_DYNAMIC_NO_PIC = NO;
				GCC_OPTIMIZATION_LEVEL = 0;
				GCC_PREPROCESSOR_DEFINITIONS = (
					"DEBUG=1",
					"$(inherited)",
				);
				GCC_SYMBOLS_PRIVATE_EXTERN = NO;
				GCC_WARN_64_TO_32_BIT_CONVERSION = YES;
				GCC_WARN_ABOUT_RETURN_TYPE = YES_ERROR;
				GCC_WARN_UNDECLARED_SELECTOR = YES;
				GCC_WARN_UNINITIALIZED_AUTOS = YES;
				GCC_WARN_UNUSED_FUNCTION = YES;
				GCC_WARN_UNUSED_VARIABLE = YES;
				IPHONEOS_DEPLOYMENT_TARGET = 7.0;
				ONLY_ACTIVE_ARCH = YES;
				SDKROOT = iphoneos;
			};
			name = Debug;
		};
		CA6A74371850F8AD0054956E /* Release */ = {
			isa = XCBuildConfiguration;
			buildSettings = {
				ALWAYS_SEARCH_USER_PATHS = NO;
				ARCHS = "$(ARCHS_STANDARD_INCLUDING_64_BIT)";
				CLANG_CXX_LANGUAGE_STANDARD = "gnu++0x";
				CLANG_CXX_LIBRARY = "libc++";
				CLANG_ENABLE_MODULES = YES;
				CLANG_ENABLE_OBJC_ARC = YES;
				CLANG_WARN_BOOL_CONVERSION = YES;
				CLANG_WARN_CONSTANT_CONVERSION = YES;
				CLANG_WARN_DIRECT_OBJC_ISA_USAGE = YES_ERROR;
				CLANG_WARN_EMPTY_BODY = YES;
				CLANG_WARN_ENUM_CONVERSION = YES;
				CLANG_WARN_INT_CONVERSION = YES;
				CLANG_WARN_OBJC_ROOT_CLASS = YES_ERROR;
				CLANG_WARN__DUPLICATE_METHOD_MATCH = YES;
				"CODE_SIGN_IDENTITY[sdk=iphoneos*]" = "iPhone Developer";
				COPY_PHASE_STRIP = YES;
				ENABLE_NS_ASSERTIONS = NO;
				GCC_C_LANGUAGE_STANDARD = gnu99;
				GCC_WARN_64_TO_32_BIT_CONVERSION = YES;
				GCC_WARN_ABOUT_RETURN_TYPE = YES_ERROR;
				GCC_WARN_UNDECLARED_SELECTOR = YES;
				GCC_WARN_UNINITIALIZED_AUTOS = YES;
				GCC_WARN_UNUSED_FUNCTION = YES;
				GCC_WARN_UNUSED_VARIABLE = YES;
				IPHONEOS_DEPLOYMENT_TARGET = 7.0;
				SDKROOT = iphoneos;
				VALIDATE_PRODUCT = YES;
			};
			name = Release;
		};
		CA6A74391850F8AD0054956E /* Debug */ = {
			isa = XCBuildConfiguration;
			buildSettings = {
				ASSETCATALOG_COMPILER_APPICON_NAME = AppIcon;
				ASSETCATALOG_COMPILER_LAUNCHIMAGE_NAME = LaunchImage;
				GCC_PRECOMPILE_PREFIX_HEADER = YES;
				GCC_PREFIX_HEADER = "App/App-Prefix.pch";
				INFOPLIST_FILE = "App/App-Info.plist";
				PRODUCT_NAME = "$(TARGET_NAME)";
				WRAPPER_EXTENSION = app;
			};
			name = Debug;
		};
		CA6A743A1850F8AD0054956E /* Release */ = {
			isa = XCBuildConfiguration;
			buildSettings = {
				ASSETCATALOG_COMPILER_APPICON_NAME = AppIcon;
				ASSETCATALOG_COMPILER_LAUNCHIMAGE_NAME = LaunchImage;
				GCC_PRECOMPILE_PREFIX_HEADER = YES;
				GCC_PREFIX_HEADER = "App/App-Prefix.pch";
				INFOPLIST_FILE = "App/App-Info.plist";
				PRODUCT_NAME = "$(TARGET_NAME)";
				WRAPPER_EXTENSION = app;
			};
			name = Release;
		};
		CA6A743C1850F8AD0054956E /* Debug */ = {
			isa = XCBuildConfiguration;
			buildSettings = {
				ARCHS = "$(ARCHS_STANDARD_INCLUDING_64_BIT)";
				BUNDLE_LOADER = "$(BUILT_PRODUCTS_DIR)/App.app/App";
				FRAMEWORK_SEARCH_PATHS = (
					"$(SDKROOT)/Developer/Library/Frameworks",
					"$(inherited)",
					"$(DEVELOPER_FRAMEWORKS_DIR)",
				);
				GCC_PRECOMPILE_PREFIX_HEADER = YES;
				GCC_PREFIX_HEADER = "App/App-Prefix.pch";
				GCC_PREPROCESSOR_DEFINITIONS = (
					"DEBUG=1",
					"$(inherited)",
				);
				INFOPLIST_FILE = "AppTests/AppTests-Info.plist";
				PRODUCT_NAME = "$(TARGET_NAME)";
				TEST_HOST = "$(BUNDLE_LOADER)";
				WRAPPER_EXTENSION = xctest;
			};
			name = Debug;
		};
		CA6A743D1850F8AD0054956E /* Release */ = {
			isa = XCBuildConfiguration;
			buildSettings = {
				ARCHS = "$(ARCHS_STANDARD_INCLUDING_64_BIT)";
				BUNDLE_LOADER = "$(BUILT_PRODUCTS_DIR)/App.app/App";
				FRAMEWORK_SEARCH_PATHS = (
					"$(SDKROOT)/Developer/Library/Frameworks",
					"$(inherited)",
					"$(DEVELOPER_FRAMEWORKS_DIR)",
				);
				GCC_PRECOMPILE_PREFIX_HEADER = YES;
				GCC_PREFIX_HEADER = "App/App-Prefix.pch";
				INFOPLIST_FILE = "AppTests/AppTests-Info.plist";
				PRODUCT_NAME = "$(TARGET_NAME)";
				TEST_HOST = "$(BUNDLE_LOADER)";
				WRAPPER_EXTENSION = xctest;
			};
			name = Release;
		};
/* End XCBuildConfiguration section */

/* Begin XCConfigurationList section */
		CA6A73FE1850F8AD0054956E /* Build configuration list for PBXProject "App" */ = {
			isa = XCConfigurationList;
			buildConfigurations = (
				CA6A74361850F8AD0054956E /* Debug */,
				CA6A74371850F8AD0054956E /* Release */,
			);
			defaultConfigurationIsVisible = 0;
			defaultConfigurationName = Release;
		};
		CA6A74381850F8AD0054956E /* Build configuration list for PBXNativeTarget "App" */ = {
			isa = XCConfigurationList;
			buildConfigurations = (
				CA6A74391850F8AD0054956E /* Debug */,
				CA6A743A1850F8AD0054956E /* Release */,
			);
			defaultConfigurationIsVisible = 0;
		};
		CA6A743B1850F8AD0054956E /* Build configuration list for PBXNativeTarget "AppTests" */ = {
			isa = XCConfigurationList;
			buildConfigurations = (
				CA6A743C1850F8AD0054956E /* Debug */,
				CA6A743D1850F8AD0054956E /* Release */,
			);
			defaultConfigurationIsVisible = 0;
		};
/* End XCConfigurationList section */
	};
	rootObject = CA6A73FB1850F8AD0054956E /* Project object */;
}
